{
  "name": "hyper-plugins",
  "version": "0.0.1",
  "lockfileVersion": 1,
  "dependencies": {
    "email-regex": {
      "version": "https://registry.npmjs.org/email-regex/-/email-regex-1.0.0.tgz",
      "integrity": "sha1-FsCPH6gxCQcJASdDCmhWJyi9Aps="
    },
    "escape-html": {
      "version": "https://registry.npmjs.org/escape-html/-/escape-html-1.0.3.tgz",
      "integrity": "sha1-Aljq5NPQwJdN4cFpGI7wBR0dGYg="
    },
    "hyperfontuhd": {
      "version": "https://registry.npmjs.org/hyperfontuhd/-/hyperfontuhd-0.0.1.tgz",
      "integrity": "sha1-uqGuQQE7I3zcDUTf1djqffRf/4E="
    },
    "hyperlinks": {
      "version": "https://registry.npmjs.org/hyperlinks/-/hyperlinks-0.5.0.tgz",
      "integrity": "sha1-4ugk1vUDZT0mv04nNaPbJHQ/TU4="
    },
    "hyperterm-sourcerer": {
      "version": "https://registry.npmjs.org/hyperterm-sourcerer/-/hyperterm-sourcerer-1.0.6.tgz",
      "integrity": "sha1-g5g8V9WbnsDi45cxSbhRCO9obBc="
    },
    "hyperterm-themed-scrollbar": {
      "version": "https://registry.npmjs.org/hyperterm-themed-scrollbar/-/hyperterm-themed-scrollbar-1.0.3.tgz",
      "integrity": "sha1-6f8+GpG5i/9XRgbVdR5srL2+o20="
    },
    "ip-regex": {
      "version": "https://registry.npmjs.org/ip-regex/-/ip-regex-2.0.0.tgz",
      "integrity": "sha1-kTqS2wI3I9bRo4uHTFQ4kxZbJP8="
    },
    "url-regex": {
      "version": "https://registry.npmjs.org/url-regex/-/url-regex-4.0.0.tgz",
      "integrity": "sha1-60j7rzgPv0yVLHbr0tLOAPm0yjI=",
      "dependencies": {
        "ip-regex": {
          "version": "https://registry.npmjs.org/ip-regex/-/ip-regex-1.0.3.tgz",
          "integrity": "sha1-3FiQdvZZ9BnCIgOaMzFvHHOH7/0="
        }
      }
    }
  }
}
